// !$*UTF8*$!
{
	archiveVersion = 1;
	classes = {
	};
	objectVersion = 48;
	objects = {

/* Begin PBXBuildFile section */
		FFB8BD72202F9E8500A06E24 /* Info-iOS.plist in Resources */ = {isa = PBXBuildFile; fileRef = FFB8BD6F202F9E8500A06E24 /* Info-iOS.plist */; };
		FFB8BD73202F9E8500A06E24 /* Info-tvOS.plist in Resources */ = {isa = PBXBuildFile; fileRef = FFB8BD70202F9E8500A06E24 /* Info-tvOS.plist */; };
		FFB8BD74202F9E8500A06E24 /* Info-macOS.plist in Resources */ = {isa = PBXBuildFile; fileRef = FFB8BD71202F9E8500A06E24 /* Info-macOS.plist */; };
		FFB8BD76202F9FF600A06E24 /* BitriseAPI.h in Headers */ = {isa = PBXBuildFile; fileRef = FFB8BD75202F9FF600A06E24 /* BitriseAPI.h */; settings = {ATTRIBUTES = (Public, ); }; };
		FFB8BD77202FA00000A06E24 /* BitriseAPI.h in Headers */ = {isa = PBXBuildFile; fileRef = FFB8BD75202F9FF600A06E24 /* BitriseAPI.h */; settings = {ATTRIBUTES = (Public, ); }; };
		FFB8BD78202FA00000A06E24 /* BitriseAPI.h in Headers */ = {isa = PBXBuildFile; fileRef = FFB8BD75202F9FF600A06E24 /* BitriseAPI.h */; settings = {ATTRIBUTES = (Public, ); }; };
		FFB8BD7A202FA03200A06E24 /* ExampleClass.swift in Sources */ = {isa = PBXBuildFile; fileRef = FFB8BD79202FA03200A06E24 /* ExampleClass.swift */; };
		FFB8BD7B202FA03400A06E24 /* ExampleClass.swift in Sources */ = {isa = PBXBuildFile; fileRef = FFB8BD79202FA03200A06E24 /* ExampleClass.swift */; };
		FFB8BD7C202FA03400A06E24 /* ExampleClass.swift in Sources */ = {isa = PBXBuildFile; fileRef = FFB8BD79202FA03200A06E24 /* ExampleClass.swift */; };
		FFB8BD9D202FA25500A06E24 /* NetworkClient.swift in Sources */ = {isa = PBXBuildFile; fileRef = FFB8BD9C202FA25500A06E24 /* NetworkClient.swift */; };
		FFB8BD9E202FA25500A06E24 /* NetworkClient.swift in Sources */ = {isa = PBXBuildFile; fileRef = FFB8BD9C202FA25500A06E24 /* NetworkClient.swift */; };
		FFB8BD9F202FA25500A06E24 /* NetworkClient.swift in Sources */ = {isa = PBXBuildFile; fileRef = FFB8BD9C202FA25500A06E24 /* NetworkClient.swift */; };
		FFB8BDA1202FA3B800A06E24 /* Result.swift in Sources */ = {isa = PBXBuildFile; fileRef = FFB8BDA0202FA3B800A06E24 /* Result.swift */; };
		FFB8BDA2202FA3B800A06E24 /* Result.swift in Sources */ = {isa = PBXBuildFile; fileRef = FFB8BDA0202FA3B800A06E24 /* Result.swift */; };
		FFB8BDA3202FA3B800A06E24 /* Result.swift in Sources */ = {isa = PBXBuildFile; fileRef = FFB8BDA0202FA3B800A06E24 /* Result.swift */; };
		FFB8BDA6202FA43700A06E24 /* APIRequest.swift in Sources */ = {isa = PBXBuildFile; fileRef = FFB8BDA5202FA43700A06E24 /* APIRequest.swift */; };
		FFB8BDA7202FA43700A06E24 /* APIRequest.swift in Sources */ = {isa = PBXBuildFile; fileRef = FFB8BDA5202FA43700A06E24 /* APIRequest.swift */; };
		FFB8BDA8202FA43700A06E24 /* APIRequest.swift in Sources */ = {isa = PBXBuildFile; fileRef = FFB8BDA5202FA43700A06E24 /* APIRequest.swift */; };
		FFB8BDAA202FA6ED00A06E24 /* DataContainer.swift in Sources */ = {isa = PBXBuildFile; fileRef = FFB8BDA9202FA6ED00A06E24 /* DataContainer.swift */; };
		FFB8BDAB202FA6ED00A06E24 /* DataContainer.swift in Sources */ = {isa = PBXBuildFile; fileRef = FFB8BDA9202FA6ED00A06E24 /* DataContainer.swift */; };
		FFB8BDAC202FA6ED00A06E24 /* DataContainer.swift in Sources */ = {isa = PBXBuildFile; fileRef = FFB8BDA9202FA6ED00A06E24 /* DataContainer.swift */; };
		FFB8BDAE202FB08500A06E24 /* APIResponse.swift in Sources */ = {isa = PBXBuildFile; fileRef = FFB8BDAD202FB08500A06E24 /* APIResponse.swift */; };
		FFB8BDAF202FB08500A06E24 /* APIResponse.swift in Sources */ = {isa = PBXBuildFile; fileRef = FFB8BDAD202FB08500A06E24 /* APIResponse.swift */; };
		FFB8BDB0202FB08500A06E24 /* APIResponse.swift in Sources */ = {isa = PBXBuildFile; fileRef = FFB8BDAD202FB08500A06E24 /* APIResponse.swift */; };
		FFB8BDB2202FB63500A06E24 /* BitriseService.swift in Sources */ = {isa = PBXBuildFile; fileRef = FFB8BDB1202FB63500A06E24 /* BitriseService.swift */; };
		FFB8BDB3202FB63500A06E24 /* BitriseService.swift in Sources */ = {isa = PBXBuildFile; fileRef = FFB8BDB1202FB63500A06E24 /* BitriseService.swift */; };
		FFB8BDB4202FB63500A06E24 /* BitriseService.swift in Sources */ = {isa = PBXBuildFile; fileRef = FFB8BDB1202FB63500A06E24 /* BitriseService.swift */; };
/* End PBXBuildFile section */

/* Begin PBXFileReference section */
		FFB8BD4B202F9DAF00A06E24 /* BitriseAPI.framework */ = {isa = PBXFileReference; explicitFileType = wrapper.framework; includeInIndex = 0; path = BitriseAPI.framework; sourceTree = BUILT_PRODUCTS_DIR; };
		FFB8BD59202F9DD400A06E24 /* BitriseAPI.framework */ = {isa = PBXFileReference; explicitFileType = wrapper.framework; includeInIndex = 0; path = BitriseAPI.framework; sourceTree = BUILT_PRODUCTS_DIR; };
		FFB8BD66202F9DEC00A06E24 /* BitriseAPI.framework */ = {isa = PBXFileReference; explicitFileType = wrapper.framework; includeInIndex = 0; path = BitriseAPI.framework; sourceTree = BUILT_PRODUCTS_DIR; };
		FFB8BD6F202F9E8500A06E24 /* Info-iOS.plist */ = {isa = PBXFileReference; fileEncoding = 4; lastKnownFileType = text.plist.xml; path = "Info-iOS.plist"; sourceTree = "<group>"; };
		FFB8BD70202F9E8500A06E24 /* Info-tvOS.plist */ = {isa = PBXFileReference; fileEncoding = 4; lastKnownFileType = text.plist.xml; path = "Info-tvOS.plist"; sourceTree = "<group>"; };
		FFB8BD71202F9E8500A06E24 /* Info-macOS.plist */ = {isa = PBXFileReference; fileEncoding = 4; lastKnownFileType = text.plist.xml; path = "Info-macOS.plist"; sourceTree = "<group>"; };
		FFB8BD75202F9FF600A06E24 /* BitriseAPI.h */ = {isa = PBXFileReference; fileEncoding = 4; lastKnownFileType = sourcecode.c.h; path = BitriseAPI.h; sourceTree = "<group>"; };
		FFB8BD79202FA03200A06E24 /* ExampleClass.swift */ = {isa = PBXFileReference; lastKnownFileType = sourcecode.swift; path = ExampleClass.swift; sourceTree = "<group>"; };
		FFB8BD7D202FA08200A06E24 /* Package.swift */ = {isa = PBXFileReference; lastKnownFileType = sourcecode.swift; path = Package.swift; sourceTree = "<group>"; };
		FFB8BD9C202FA25500A06E24 /* NetworkClient.swift */ = {isa = PBXFileReference; lastKnownFileType = sourcecode.swift; path = NetworkClient.swift; sourceTree = "<group>"; };
		FFB8BDA0202FA3B800A06E24 /* Result.swift */ = {isa = PBXFileReference; lastKnownFileType = sourcecode.swift; path = Result.swift; sourceTree = "<group>"; };
		FFB8BDA5202FA43700A06E24 /* APIRequest.swift */ = {isa = PBXFileReference; lastKnownFileType = sourcecode.swift; path = APIRequest.swift; sourceTree = "<group>"; };
		FFB8BDA9202FA6ED00A06E24 /* DataContainer.swift */ = {isa = PBXFileReference; lastKnownFileType = sourcecode.swift; path = DataContainer.swift; sourceTree = "<group>"; };
		FFB8BDAD202FB08500A06E24 /* APIResponse.swift */ = {isa = PBXFileReference; lastKnownFileType = sourcecode.swift; path = APIResponse.swift; sourceTree = "<group>"; };
		FFB8BDB1202FB63500A06E24 /* BitriseService.swift */ = {isa = PBXFileReference; lastKnownFileType = sourcecode.swift; path = BitriseService.swift; sourceTree = "<group>"; };
/* End PBXFileReference section */

/* Begin PBXFrameworksBuildPhase section */
		FFB8BD47202F9DAF00A06E24 /* Frameworks */ = {
			isa = PBXFrameworksBuildPhase;
			buildActionMask = 2147483647;
			files = (
			);
			runOnlyForDeploymentPostprocessing = 0;
		};
		FFB8BD55202F9DD400A06E24 /* Frameworks */ = {
			isa = PBXFrameworksBuildPhase;
			buildActionMask = 2147483647;
			files = (
			);
			runOnlyForDeploymentPostprocessing = 0;
		};
		FFB8BD62202F9DEC00A06E24 /* Frameworks */ = {
			isa = PBXFrameworksBuildPhase;
			buildActionMask = 2147483647;
			files = (
			);
			runOnlyForDeploymentPostprocessing = 0;
		};
/* End PBXFrameworksBuildPhase section */

/* Begin PBXGroup section */
		FFB8BD3F202F9D7B00A06E24 = {
			isa = PBXGroup;
			children = (
				FFB8BD7D202FA08200A06E24 /* Package.swift */,
				FFB8BD6E202F9E1800A06E24 /* Sources */,
				FFB8BD4C202F9DAF00A06E24 /* Products */,
			);
			sourceTree = "<group>";
		};
		FFB8BD4C202F9DAF00A06E24 /* Products */ = {
			isa = PBXGroup;
			children = (
				FFB8BD4B202F9DAF00A06E24 /* BitriseAPI.framework */,
				FFB8BD59202F9DD400A06E24 /* BitriseAPI.framework */,
				FFB8BD66202F9DEC00A06E24 /* BitriseAPI.framework */,
			);
			name = Products;
			sourceTree = "<group>";
		};
		FFB8BD6E202F9E1800A06E24 /* Sources */ = {
			isa = PBXGroup;
			children = (
				FFB8BDA4202FA42500A06E24 /* Networking */,
				FFB8BD75202F9FF600A06E24 /* BitriseAPI.h */,
				FFB8BD6F202F9E8500A06E24 /* Info-iOS.plist */,
				FFB8BD71202F9E8500A06E24 /* Info-macOS.plist */,
				FFB8BD70202F9E8500A06E24 /* Info-tvOS.plist */,
				FFB8BD79202FA03200A06E24 /* ExampleClass.swift */,
				FFB8BDB1202FB63500A06E24 /* BitriseService.swift */,
			);
			path = Sources;
			sourceTree = "<group>";
		};
		FFB8BDA4202FA42500A06E24 /* Networking */ = {
			isa = PBXGroup;
			children = (
				FFB8BD9C202FA25500A06E24 /* NetworkClient.swift */,
				FFB8BDA0202FA3B800A06E24 /* Result.swift */,
				FFB8BDA5202FA43700A06E24 /* APIRequest.swift */,
				FFB8BDA9202FA6ED00A06E24 /* DataContainer.swift */,
				FFB8BDAD202FB08500A06E24 /* APIResponse.swift */,
			);
			path = Networking;
			sourceTree = "<group>";
		};
/* End PBXGroup section */

/* Begin PBXHeadersBuildPhase section */
		FFB8BD48202F9DAF00A06E24 /* Headers */ = {
			isa = PBXHeadersBuildPhase;
			buildActionMask = 2147483647;
			files = (
				FFB8BD76202F9FF600A06E24 /* BitriseAPI.h in Headers */,
			);
			runOnlyForDeploymentPostprocessing = 0;
		};
		FFB8BD56202F9DD400A06E24 /* Headers */ = {
			isa = PBXHeadersBuildPhase;
			buildActionMask = 2147483647;
			files = (
				FFB8BD77202FA00000A06E24 /* BitriseAPI.h in Headers */,
			);
			runOnlyForDeploymentPostprocessing = 0;
		};
		FFB8BD63202F9DEC00A06E24 /* Headers */ = {
			isa = PBXHeadersBuildPhase;
			buildActionMask = 2147483647;
			files = (
				FFB8BD78202FA00000A06E24 /* BitriseAPI.h in Headers */,
			);
			runOnlyForDeploymentPostprocessing = 0;
		};
/* End PBXHeadersBuildPhase section */

/* Begin PBXNativeTarget section */
		FFB8BD4A202F9DAF00A06E24 /* BitriseAPI iOS */ = {
			isa = PBXNativeTarget;
			buildConfigurationList = FFB8BD51202F9DAF00A06E24 /* Build configuration list for PBXNativeTarget "BitriseAPI iOS" */;
			buildPhases = (
				FFB8BD46202F9DAF00A06E24 /* Sources */,
				FFB8BD47202F9DAF00A06E24 /* Frameworks */,
				FFB8BD48202F9DAF00A06E24 /* Headers */,
				FFB8BD49202F9DAF00A06E24 /* Resources */,
			);
			buildRules = (
			);
			dependencies = (
			);
			name = "BitriseAPI iOS";
			productName = "BitriseAPI iOS";
			productReference = FFB8BD4B202F9DAF00A06E24 /* BitriseAPI.framework */;
			productType = "com.apple.product-type.framework";
		};
		FFB8BD58202F9DD400A06E24 /* BitriseAPI tvOS */ = {
			isa = PBXNativeTarget;
			buildConfigurationList = FFB8BD5E202F9DD400A06E24 /* Build configuration list for PBXNativeTarget "BitriseAPI tvOS" */;
			buildPhases = (
				FFB8BD54202F9DD400A06E24 /* Sources */,
				FFB8BD55202F9DD400A06E24 /* Frameworks */,
				FFB8BD56202F9DD400A06E24 /* Headers */,
				FFB8BD57202F9DD400A06E24 /* Resources */,
			);
			buildRules = (
			);
			dependencies = (
			);
			name = "BitriseAPI tvOS";
			productName = "BitriseAPI tvOS";
			productReference = FFB8BD59202F9DD400A06E24 /* BitriseAPI.framework */;
			productType = "com.apple.product-type.framework";
		};
		FFB8BD65202F9DEC00A06E24 /* BitriseAPI macOS */ = {
			isa = PBXNativeTarget;
			buildConfigurationList = FFB8BD6B202F9DED00A06E24 /* Build configuration list for PBXNativeTarget "BitriseAPI macOS" */;
			buildPhases = (
				FFB8BD61202F9DEC00A06E24 /* Sources */,
				FFB8BD62202F9DEC00A06E24 /* Frameworks */,
				FFB8BD63202F9DEC00A06E24 /* Headers */,
				FFB8BD64202F9DEC00A06E24 /* Resources */,
			);
			buildRules = (
			);
			dependencies = (
			);
			name = "BitriseAPI macOS";
			productName = "BitriseAPI macOS";
			productReference = FFB8BD66202F9DEC00A06E24 /* BitriseAPI.framework */;
			productType = "com.apple.product-type.framework";
		};
/* End PBXNativeTarget section */

/* Begin PBXProject section */
		FFB8BD40202F9D7B00A06E24 /* Project object */ = {
			isa = PBXProject;
			attributes = {
				LastUpgradeCheck = 0920;
				TargetAttributes = {
					FFB8BD4A202F9DAF00A06E24 = {
						CreatedOnToolsVersion = 9.2;
						LastSwiftMigration = 0920;
						ProvisioningStyle = Automatic;
					};
					FFB8BD58202F9DD400A06E24 = {
						CreatedOnToolsVersion = 9.2;
						ProvisioningStyle = Automatic;
					};
					FFB8BD65202F9DEC00A06E24 = {
						CreatedOnToolsVersion = 9.2;
						ProvisioningStyle = Automatic;
					};
				};
			};
			buildConfigurationList = FFB8BD43202F9D7B00A06E24 /* Build configuration list for PBXProject "BitriseAPI" */;
			compatibilityVersion = "Xcode 8.0";
			developmentRegion = en;
			hasScannedForEncodings = 0;
			knownRegions = (
				en,
			);
			mainGroup = FFB8BD3F202F9D7B00A06E24;
			productRefGroup = FFB8BD4C202F9DAF00A06E24 /* Products */;
			projectDirPath = "";
			projectRoot = "";
			targets = (
				FFB8BD4A202F9DAF00A06E24 /* BitriseAPI iOS */,
				FFB8BD58202F9DD400A06E24 /* BitriseAPI tvOS */,
				FFB8BD65202F9DEC00A06E24 /* BitriseAPI macOS */,
			);
		};
/* End PBXProject section */

/* Begin PBXResourcesBuildPhase section */
		FFB8BD49202F9DAF00A06E24 /* Resources */ = {
			isa = PBXResourcesBuildPhase;
			buildActionMask = 2147483647;
			files = (
				FFB8BD74202F9E8500A06E24 /* Info-macOS.plist in Resources */,
				FFB8BD73202F9E8500A06E24 /* Info-tvOS.plist in Resources */,
				FFB8BD72202F9E8500A06E24 /* Info-iOS.plist in Resources */,
			);
			runOnlyForDeploymentPostprocessing = 0;
		};
		FFB8BD57202F9DD400A06E24 /* Resources */ = {
			isa = PBXResourcesBuildPhase;
			buildActionMask = 2147483647;
			files = (
			);
			runOnlyForDeploymentPostprocessing = 0;
		};
		FFB8BD64202F9DEC00A06E24 /* Resources */ = {
			isa = PBXResourcesBuildPhase;
			buildActionMask = 2147483647;
			files = (
			);
			runOnlyForDeploymentPostprocessing = 0;
		};
/* End PBXResourcesBuildPhase section */

/* Begin PBXSourcesBuildPhase section */
		FFB8BD46202F9DAF00A06E24 /* Sources */ = {
			isa = PBXSourcesBuildPhase;
			buildActionMask = 2147483647;
			files = (
				FFB8BDA1202FA3B800A06E24 /* Result.swift in Sources */,
				FFB8BDAA202FA6ED00A06E24 /* DataContainer.swift in Sources */,
				FFB8BD7A202FA03200A06E24 /* ExampleClass.swift in Sources */,
				FFB8BDA6202FA43700A06E24 /* APIRequest.swift in Sources */,
				FFB8BD9D202FA25500A06E24 /* NetworkClient.swift in Sources */,
				FFB8BDB2202FB63500A06E24 /* BitriseService.swift in Sources */,
				FFB8BDAE202FB08500A06E24 /* APIResponse.swift in Sources */,
			);
			runOnlyForDeploymentPostprocessing = 0;
		};
		FFB8BD54202F9DD400A06E24 /* Sources */ = {
			isa = PBXSourcesBuildPhase;
			buildActionMask = 2147483647;
			files = (
				FFB8BDA2202FA3B800A06E24 /* Result.swift in Sources */,
				FFB8BDAB202FA6ED00A06E24 /* DataContainer.swift in Sources */,
				FFB8BD7B202FA03400A06E24 /* ExampleClass.swift in Sources */,
				FFB8BDA7202FA43700A06E24 /* APIRequest.swift in Sources */,
				FFB8BD9E202FA25500A06E24 /* NetworkClient.swift in Sources */,
				FFB8BDB3202FB63500A06E24 /* BitriseService.swift in Sources */,
				FFB8BDAF202FB08500A06E24 /* APIResponse.swift in Sources */,
			);
			runOnlyForDeploymentPostprocessing = 0;
		};
		FFB8BD61202F9DEC00A06E24 /* Sources */ = {
			isa = PBXSourcesBuildPhase;
			buildActionMask = 2147483647;
			files = (
				FFB8BDA3202FA3B800A06E24 /* Result.swift in Sources */,
				FFB8BDAC202FA6ED00A06E24 /* DataContainer.swift in Sources */,
				FFB8BD7C202FA03400A06E24 /* ExampleClass.swift in Sources */,
				FFB8BDA8202FA43700A06E24 /* APIRequest.swift in Sources */,
				FFB8BD9F202FA25500A06E24 /* NetworkClient.swift in Sources */,
				FFB8BDB4202FB63500A06E24 /* BitriseService.swift in Sources */,
				FFB8BDB0202FB08500A06E24 /* APIResponse.swift in Sources */,
			);
			runOnlyForDeploymentPostprocessing = 0;
		};
/* End PBXSourcesBuildPhase section */

/* Begin XCBuildConfiguration section */
		FFB8BD44202F9D7B00A06E24 /* Debug */ = {
			isa = XCBuildConfiguration;
			buildSettings = {
				PRODUCT_NAME = "$(PROJECT_NAME)";
			};
			name = Debug;
		};
		FFB8BD45202F9D7B00A06E24 /* Release */ = {
			isa = XCBuildConfiguration;
			buildSettings = {
				PRODUCT_NAME = "$(PROJECT_NAME)";
			};
			name = Release;
		};
		FFB8BD52202F9DAF00A06E24 /* Debug */ = {
			isa = XCBuildConfiguration;
			buildSettings = {
				ALWAYS_SEARCH_USER_PATHS = NO;
				CLANG_ANALYZER_NONNULL = YES;
				CLANG_ANALYZER_NUMBER_OBJECT_CONVERSION = YES_AGGRESSIVE;
				CLANG_CXX_LANGUAGE_STANDARD = "gnu++14";
				CLANG_CXX_LIBRARY = "libc++";
				CLANG_ENABLE_MODULES = YES;
				CLANG_ENABLE_OBJC_ARC = YES;
				CLANG_WARN_BLOCK_CAPTURE_AUTORELEASING = YES;
				CLANG_WARN_BOOL_CONVERSION = YES;
				CLANG_WARN_COMMA = YES;
				CLANG_WARN_CONSTANT_CONVERSION = YES;
				CLANG_WARN_DIRECT_OBJC_ISA_USAGE = YES_ERROR;
				CLANG_WARN_DOCUMENTATION_COMMENTS = YES;
				CLANG_WARN_EMPTY_BODY = YES;
				CLANG_WARN_ENUM_CONVERSION = YES;
				CLANG_WARN_INFINITE_RECURSION = YES;
				CLANG_WARN_INT_CONVERSION = YES;
				CLANG_WARN_NON_LITERAL_NULL_CONVERSION = YES;
				CLANG_WARN_OBJC_LITERAL_CONVERSION = YES;
				CLANG_WARN_OBJC_ROOT_CLASS = YES_ERROR;
				CLANG_WARN_RANGE_LOOP_ANALYSIS = YES;
				CLANG_WARN_STRICT_PROTOTYPES = YES;
				CLANG_WARN_SUSPICIOUS_MOVE = YES;
				CLANG_WARN_UNGUARDED_AVAILABILITY = YES_AGGRESSIVE;
				CLANG_WARN_UNREACHABLE_CODE = YES;
				CLANG_WARN__DUPLICATE_METHOD_MATCH = YES;
				CODE_SIGN_IDENTITY = "iPhone Developer";
				CODE_SIGN_STYLE = Automatic;
				COPY_PHASE_STRIP = NO;
				CURRENT_PROJECT_VERSION = 1;
				DEBUG_INFORMATION_FORMAT = dwarf;
				DEFINES_MODULE = YES;
				DEVELOPMENT_TEAM = BH2S887N4Y;
				DYLIB_COMPATIBILITY_VERSION = 1;
				DYLIB_CURRENT_VERSION = 1;
				DYLIB_INSTALL_NAME_BASE = "@rpath";
				ENABLE_STRICT_OBJC_MSGSEND = YES;
				ENABLE_TESTABILITY = YES;
				GCC_C_LANGUAGE_STANDARD = gnu11;
				GCC_DYNAMIC_NO_PIC = NO;
				GCC_NO_COMMON_BLOCKS = YES;
				GCC_OPTIMIZATION_LEVEL = 0;
				GCC_PREPROCESSOR_DEFINITIONS = (
					"DEBUG=1",
					"$(inherited)",
				);
				GCC_WARN_64_TO_32_BIT_CONVERSION = YES;
				GCC_WARN_ABOUT_RETURN_TYPE = YES_ERROR;
				GCC_WARN_UNDECLARED_SELECTOR = YES;
				GCC_WARN_UNINITIALIZED_AUTOS = YES_AGGRESSIVE;
				GCC_WARN_UNUSED_FUNCTION = YES;
				GCC_WARN_UNUSED_VARIABLE = YES;
				INFOPLIST_FILE = "Sources/Info-iOS.plist";
				INSTALL_PATH = "$(LOCAL_LIBRARY_DIR)/Frameworks";
				IPHONEOS_DEPLOYMENT_TARGET = 11.2;
				LD_RUNPATH_SEARCH_PATHS = "$(inherited) @executable_path/Frameworks @loader_path/Frameworks";
				MTL_ENABLE_DEBUG_INFO = YES;
				ONLY_ACTIVE_ARCH = YES;
				PRODUCT_BUNDLE_IDENTIFIER = "com.joeltrew.$(PROJECT_NAME)";
				SDKROOT = iphoneos;
				SKIP_INSTALL = YES;
				SWIFT_ACTIVE_COMPILATION_CONDITIONS = DEBUG;
				SWIFT_OPTIMIZATION_LEVEL = "-Onone";
				SWIFT_VERSION = 4.0;
				TARGETED_DEVICE_FAMILY = "1,2";
				VERSIONING_SYSTEM = "apple-generic";
				VERSION_INFO_PREFIX = "";
			};
			name = Debug;
		};
		FFB8BD53202F9DAF00A06E24 /* Release */ = {
			isa = XCBuildConfiguration;
			buildSettings = {
				ALWAYS_SEARCH_USER_PATHS = NO;
				CLANG_ANALYZER_NONNULL = YES;
				CLANG_ANALYZER_NUMBER_OBJECT_CONVERSION = YES_AGGRESSIVE;
				CLANG_CXX_LANGUAGE_STANDARD = "gnu++14";
				CLANG_CXX_LIBRARY = "libc++";
				CLANG_ENABLE_MODULES = YES;
				CLANG_ENABLE_OBJC_ARC = YES;
				CLANG_WARN_BLOCK_CAPTURE_AUTORELEASING = YES;
				CLANG_WARN_BOOL_CONVERSION = YES;
				CLANG_WARN_COMMA = YES;
				CLANG_WARN_CONSTANT_CONVERSION = YES;
				CLANG_WARN_DIRECT_OBJC_ISA_USAGE = YES_ERROR;
				CLANG_WARN_DOCUMENTATION_COMMENTS = YES;
				CLANG_WARN_EMPTY_BODY = YES;
				CLANG_WARN_ENUM_CONVERSION = YES;
				CLANG_WARN_INFINITE_RECURSION = YES;
				CLANG_WARN_INT_CONVERSION = YES;
				CLANG_WARN_NON_LITERAL_NULL_CONVERSION = YES;
				CLANG_WARN_OBJC_LITERAL_CONVERSION = YES;
				CLANG_WARN_OBJC_ROOT_CLASS = YES_ERROR;
				CLANG_WARN_RANGE_LOOP_ANALYSIS = YES;
				CLANG_WARN_STRICT_PROTOTYPES = YES;
				CLANG_WARN_SUSPICIOUS_MOVE = YES;
				CLANG_WARN_UNGUARDED_AVAILABILITY = YES_AGGRESSIVE;
				CLANG_WARN_UNREACHABLE_CODE = YES;
				CLANG_WARN__DUPLICATE_METHOD_MATCH = YES;
				CODE_SIGN_IDENTITY = "iPhone Developer";
				CODE_SIGN_STYLE = Automatic;
				COPY_PHASE_STRIP = NO;
				CURRENT_PROJECT_VERSION = 1;
				DEBUG_INFORMATION_FORMAT = "dwarf-with-dsym";
				DEFINES_MODULE = YES;
				DEVELOPMENT_TEAM = BH2S887N4Y;
				DYLIB_COMPATIBILITY_VERSION = 1;
				DYLIB_CURRENT_VERSION = 1;
				DYLIB_INSTALL_NAME_BASE = "@rpath";
				ENABLE_NS_ASSERTIONS = NO;
				ENABLE_STRICT_OBJC_MSGSEND = YES;
				GCC_C_LANGUAGE_STANDARD = gnu11;
				GCC_NO_COMMON_BLOCKS = YES;
				GCC_WARN_64_TO_32_BIT_CONVERSION = YES;
				GCC_WARN_ABOUT_RETURN_TYPE = YES_ERROR;
				GCC_WARN_UNDECLARED_SELECTOR = YES;
				GCC_WARN_UNINITIALIZED_AUTOS = YES_AGGRESSIVE;
				GCC_WARN_UNUSED_FUNCTION = YES;
				GCC_WARN_UNUSED_VARIABLE = YES;
				INFOPLIST_FILE = "Sources/Info-iOS.plist";
				INSTALL_PATH = "$(LOCAL_LIBRARY_DIR)/Frameworks";
				IPHONEOS_DEPLOYMENT_TARGET = 11.2;
				LD_RUNPATH_SEARCH_PATHS = "$(inherited) @executable_path/Frameworks @loader_path/Frameworks";
				MTL_ENABLE_DEBUG_INFO = NO;
				PRODUCT_BUNDLE_IDENTIFIER = "com.joeltrew.$(PROJECT_NAME)";
				SDKROOT = iphoneos;
				SKIP_INSTALL = YES;
				SWIFT_OPTIMIZATION_LEVEL = "-Owholemodule";
				SWIFT_VERSION = 4.0;
				TARGETED_DEVICE_FAMILY = "1,2";
				VALIDATE_PRODUCT = YES;
				VERSIONING_SYSTEM = "apple-generic";
				VERSION_INFO_PREFIX = "";
			};
			name = Release;
		};
		FFB8BD5F202F9DD400A06E24 /* Debug */ = {
			isa = XCBuildConfiguration;
			buildSettings = {
				ALWAYS_SEARCH_USER_PATHS = NO;
				CLANG_ANALYZER_NONNULL = YES;
				CLANG_ANALYZER_NUMBER_OBJECT_CONVERSION = YES_AGGRESSIVE;
				CLANG_CXX_LANGUAGE_STANDARD = "gnu++14";
				CLANG_CXX_LIBRARY = "libc++";
				CLANG_ENABLE_MODULES = YES;
				CLANG_ENABLE_OBJC_ARC = YES;
				CLANG_WARN_BLOCK_CAPTURE_AUTORELEASING = YES;
				CLANG_WARN_BOOL_CONVERSION = YES;
				CLANG_WARN_COMMA = YES;
				CLANG_WARN_CONSTANT_CONVERSION = YES;
				CLANG_WARN_DIRECT_OBJC_ISA_USAGE = YES_ERROR;
				CLANG_WARN_DOCUMENTATION_COMMENTS = YES;
				CLANG_WARN_EMPTY_BODY = YES;
				CLANG_WARN_ENUM_CONVERSION = YES;
				CLANG_WARN_INFINITE_RECURSION = YES;
				CLANG_WARN_INT_CONVERSION = YES;
				CLANG_WARN_NON_LITERAL_NULL_CONVERSION = YES;
				CLANG_WARN_OBJC_LITERAL_CONVERSION = YES;
				CLANG_WARN_OBJC_ROOT_CLASS = YES_ERROR;
				CLANG_WARN_RANGE_LOOP_ANALYSIS = YES;
				CLANG_WARN_STRICT_PROTOTYPES = YES;
				CLANG_WARN_SUSPICIOUS_MOVE = YES;
				CLANG_WARN_UNGUARDED_AVAILABILITY = YES_AGGRESSIVE;
				CLANG_WARN_UNREACHABLE_CODE = YES;
				CLANG_WARN__DUPLICATE_METHOD_MATCH = YES;
				CODE_SIGN_IDENTITY = "";
				CODE_SIGN_STYLE = Automatic;
				COPY_PHASE_STRIP = NO;
				CURRENT_PROJECT_VERSION = 1;
				DEBUG_INFORMATION_FORMAT = dwarf;
				DEFINES_MODULE = YES;
				DEVELOPMENT_TEAM = BH2S887N4Y;
				DYLIB_COMPATIBILITY_VERSION = 1;
				DYLIB_CURRENT_VERSION = 1;
				DYLIB_INSTALL_NAME_BASE = "@rpath";
				ENABLE_STRICT_OBJC_MSGSEND = YES;
				ENABLE_TESTABILITY = YES;
				GCC_C_LANGUAGE_STANDARD = gnu11;
				GCC_DYNAMIC_NO_PIC = NO;
				GCC_NO_COMMON_BLOCKS = YES;
				GCC_OPTIMIZATION_LEVEL = 0;
				GCC_PREPROCESSOR_DEFINITIONS = (
					"DEBUG=1",
					"$(inherited)",
				);
				GCC_WARN_64_TO_32_BIT_CONVERSION = YES;
				GCC_WARN_ABOUT_RETURN_TYPE = YES_ERROR;
				GCC_WARN_UNDECLARED_SELECTOR = YES;
				GCC_WARN_UNINITIALIZED_AUTOS = YES_AGGRESSIVE;
				GCC_WARN_UNUSED_FUNCTION = YES;
				GCC_WARN_UNUSED_VARIABLE = YES;
				INFOPLIST_FILE = "Sources/Info-tvOS.plist";
				INSTALL_PATH = "$(LOCAL_LIBRARY_DIR)/Frameworks";
				LD_RUNPATH_SEARCH_PATHS = "$(inherited) @executable_path/Frameworks @loader_path/Frameworks";
				MTL_ENABLE_DEBUG_INFO = YES;
				ONLY_ACTIVE_ARCH = YES;
				PRODUCT_BUNDLE_IDENTIFIER = "com.joeltrew.$(PROJECT_NAME)";
				SDKROOT = appletvos;
				SKIP_INSTALL = YES;
				SWIFT_ACTIVE_COMPILATION_CONDITIONS = DEBUG;
				SWIFT_OPTIMIZATION_LEVEL = "-Onone";
				SWIFT_VERSION = 4.0;
				TARGETED_DEVICE_FAMILY = 3;
				TVOS_DEPLOYMENT_TARGET = 11.2;
				VERSIONING_SYSTEM = "apple-generic";
				VERSION_INFO_PREFIX = "";
			};
			name = Debug;
		};
		FFB8BD60202F9DD400A06E24 /* Release */ = {
			isa = XCBuildConfiguration;
			buildSettings = {
				ALWAYS_SEARCH_USER_PATHS = NO;
				CLANG_ANALYZER_NONNULL = YES;
				CLANG_ANALYZER_NUMBER_OBJECT_CONVERSION = YES_AGGRESSIVE;
				CLANG_CXX_LANGUAGE_STANDARD = "gnu++14";
				CLANG_CXX_LIBRARY = "libc++";
				CLANG_ENABLE_MODULES = YES;
				CLANG_ENABLE_OBJC_ARC = YES;
				CLANG_WARN_BLOCK_CAPTURE_AUTORELEASING = YES;
				CLANG_WARN_BOOL_CONVERSION = YES;
				CLANG_WARN_COMMA = YES;
				CLANG_WARN_CONSTANT_CONVERSION = YES;
				CLANG_WARN_DIRECT_OBJC_ISA_USAGE = YES_ERROR;
				CLANG_WARN_DOCUMENTATION_COMMENTS = YES;
				CLANG_WARN_EMPTY_BODY = YES;
				CLANG_WARN_ENUM_CONVERSION = YES;
				CLANG_WARN_INFINITE_RECURSION = YES;
				CLANG_WARN_INT_CONVERSION = YES;
				CLANG_WARN_NON_LITERAL_NULL_CONVERSION = YES;
				CLANG_WARN_OBJC_LITERAL_CONVERSION = YES;
				CLANG_WARN_OBJC_ROOT_CLASS = YES_ERROR;
				CLANG_WARN_RANGE_LOOP_ANALYSIS = YES;
				CLANG_WARN_STRICT_PROTOTYPES = YES;
				CLANG_WARN_SUSPICIOUS_MOVE = YES;
				CLANG_WARN_UNGUARDED_AVAILABILITY = YES_AGGRESSIVE;
				CLANG_WARN_UNREACHABLE_CODE = YES;
				CLANG_WARN__DUPLICATE_METHOD_MATCH = YES;
				CODE_SIGN_IDENTITY = "";
				CODE_SIGN_STYLE = Automatic;
				COPY_PHASE_STRIP = NO;
				CURRENT_PROJECT_VERSION = 1;
				DEBUG_INFORMATION_FORMAT = "dwarf-with-dsym";
				DEFINES_MODULE = YES;
				DEVELOPMENT_TEAM = BH2S887N4Y;
				DYLIB_COMPATIBILITY_VERSION = 1;
				DYLIB_CURRENT_VERSION = 1;
				DYLIB_INSTALL_NAME_BASE = "@rpath";
				ENABLE_NS_ASSERTIONS = NO;
				ENABLE_STRICT_OBJC_MSGSEND = YES;
				GCC_C_LANGUAGE_STANDARD = gnu11;
				GCC_NO_COMMON_BLOCKS = YES;
				GCC_WARN_64_TO_32_BIT_CONVERSION = YES;
				GCC_WARN_ABOUT_RETURN_TYPE = YES_ERROR;
				GCC_WARN_UNDECLARED_SELECTOR = YES;
				GCC_WARN_UNINITIALIZED_AUTOS = YES_AGGRESSIVE;
				GCC_WARN_UNUSED_FUNCTION = YES;
				GCC_WARN_UNUSED_VARIABLE = YES;
				INFOPLIST_FILE = "Sources/Info-tvOS.plist";
				INSTALL_PATH = "$(LOCAL_LIBRARY_DIR)/Frameworks";
				LD_RUNPATH_SEARCH_PATHS = "$(inherited) @executable_path/Frameworks @loader_path/Frameworks";
				MTL_ENABLE_DEBUG_INFO = NO;
				PRODUCT_BUNDLE_IDENTIFIER = "com.joeltrew.$(PROJECT_NAME)";
				SDKROOT = appletvos;
				SKIP_INSTALL = YES;
				SWIFT_OPTIMIZATION_LEVEL = "-Owholemodule";
				SWIFT_VERSION = 4.0;
				TARGETED_DEVICE_FAMILY = 3;
				TVOS_DEPLOYMENT_TARGET = 11.2;
				VALIDATE_PRODUCT = YES;
				VERSIONING_SYSTEM = "apple-generic";
				VERSION_INFO_PREFIX = "";
			};
			name = Release;
		};
		FFB8BD6C202F9DED00A06E24 /* Debug */ = {
			isa = XCBuildConfiguration;
			buildSettings = {
				ALWAYS_SEARCH_USER_PATHS = NO;
				CLANG_ANALYZER_NONNULL = YES;
				CLANG_ANALYZER_NUMBER_OBJECT_CONVERSION = YES_AGGRESSIVE;
				CLANG_CXX_LANGUAGE_STANDARD = "gnu++14";
				CLANG_CXX_LIBRARY = "libc++";
				CLANG_ENABLE_MODULES = YES;
				CLANG_ENABLE_OBJC_ARC = YES;
				CLANG_WARN_BLOCK_CAPTURE_AUTORELEASING = YES;
				CLANG_WARN_BOOL_CONVERSION = YES;
				CLANG_WARN_COMMA = YES;
				CLANG_WARN_CONSTANT_CONVERSION = YES;
				CLANG_WARN_DIRECT_OBJC_ISA_USAGE = YES_ERROR;
				CLANG_WARN_DOCUMENTATION_COMMENTS = YES;
				CLANG_WARN_EMPTY_BODY = YES;
				CLANG_WARN_ENUM_CONVERSION = YES;
				CLANG_WARN_INFINITE_RECURSION = YES;
				CLANG_WARN_INT_CONVERSION = YES;
				CLANG_WARN_NON_LITERAL_NULL_CONVERSION = YES;
				CLANG_WARN_OBJC_LITERAL_CONVERSION = YES;
				CLANG_WARN_OBJC_ROOT_CLASS = YES_ERROR;
				CLANG_WARN_RANGE_LOOP_ANALYSIS = YES;
				CLANG_WARN_STRICT_PROTOTYPES = YES;
				CLANG_WARN_SUSPICIOUS_MOVE = YES;
				CLANG_WARN_UNGUARDED_AVAILABILITY = YES_AGGRESSIVE;
				CLANG_WARN_UNREACHABLE_CODE = YES;
				CLANG_WARN__DUPLICATE_METHOD_MATCH = YES;
				CODE_SIGN_IDENTITY = "Mac Developer";
				CODE_SIGN_STYLE = Automatic;
				COMBINE_HIDPI_IMAGES = YES;
				COPY_PHASE_STRIP = NO;
				CURRENT_PROJECT_VERSION = 1;
				DEBUG_INFORMATION_FORMAT = dwarf;
				DEFINES_MODULE = YES;
				DEVELOPMENT_TEAM = BH2S887N4Y;
				DYLIB_COMPATIBILITY_VERSION = 1;
				DYLIB_CURRENT_VERSION = 1;
				DYLIB_INSTALL_NAME_BASE = "@rpath";
				ENABLE_STRICT_OBJC_MSGSEND = YES;
				ENABLE_TESTABILITY = YES;
				FRAMEWORK_VERSION = A;
				GCC_C_LANGUAGE_STANDARD = gnu11;
				GCC_DYNAMIC_NO_PIC = NO;
				GCC_NO_COMMON_BLOCKS = YES;
				GCC_OPTIMIZATION_LEVEL = 0;
				GCC_PREPROCESSOR_DEFINITIONS = (
					"DEBUG=1",
					"$(inherited)",
				);
				GCC_WARN_64_TO_32_BIT_CONVERSION = YES;
				GCC_WARN_ABOUT_RETURN_TYPE = YES_ERROR;
				GCC_WARN_UNDECLARED_SELECTOR = YES;
				GCC_WARN_UNINITIALIZED_AUTOS = YES_AGGRESSIVE;
				GCC_WARN_UNUSED_FUNCTION = YES;
				GCC_WARN_UNUSED_VARIABLE = YES;
				INFOPLIST_FILE = "Sources/Info-macOS.plist";
				INSTALL_PATH = "$(LOCAL_LIBRARY_DIR)/Frameworks";
				LD_RUNPATH_SEARCH_PATHS = "$(inherited) @executable_path/../Frameworks @loader_path/Frameworks";
				MACOSX_DEPLOYMENT_TARGET = 10.12;
				MTL_ENABLE_DEBUG_INFO = YES;
				ONLY_ACTIVE_ARCH = YES;
				PRODUCT_BUNDLE_IDENTIFIER = "com.joeltrew.$(PROJECT_NAME)";
				SDKROOT = macosx;
				SKIP_INSTALL = YES;
				SWIFT_ACTIVE_COMPILATION_CONDITIONS = DEBUG;
				SWIFT_OPTIMIZATION_LEVEL = "-Onone";
				SWIFT_VERSION = 4.0;
				VERSIONING_SYSTEM = "apple-generic";
				VERSION_INFO_PREFIX = "";
			};
			name = Debug;
		};
		FFB8BD6D202F9DED00A06E24 /* Release */ = {
			isa = XCBuildConfiguration;
			buildSettings = {
				ALWAYS_SEARCH_USER_PATHS = NO;
				CLANG_ANALYZER_NONNULL = YES;
				CLANG_ANALYZER_NUMBER_OBJECT_CONVERSION = YES_AGGRESSIVE;
				CLANG_CXX_LANGUAGE_STANDARD = "gnu++14";
				CLANG_CXX_LIBRARY = "libc++";
				CLANG_ENABLE_MODULES = YES;
				CLANG_ENABLE_OBJC_ARC = YES;
				CLANG_WARN_BLOCK_CAPTURE_AUTORELEASING = YES;
				CLANG_WARN_BOOL_CONVERSION = YES;
				CLANG_WARN_COMMA = YES;
				CLANG_WARN_CONSTANT_CONVERSION = YES;
				CLANG_WARN_DIRECT_OBJC_ISA_USAGE = YES_ERROR;
				CLANG_WARN_DOCUMENTATION_COMMENTS = YES;
				CLANG_WARN_EMPTY_BODY = YES;
				CLANG_WARN_ENUM_CONVERSION = YES;
				CLANG_WARN_INFINITE_RECURSION = YES;
				CLANG_WARN_INT_CONVERSION = YES;
				CLANG_WARN_NON_LITERAL_NULL_CONVERSION = YES;
				CLANG_WARN_OBJC_LITERAL_CONVERSION = YES;
				CLANG_WARN_OBJC_ROOT_CLASS = YES_ERROR;
				CLANG_WARN_RANGE_LOOP_ANALYSIS = YES;
				CLANG_WARN_STRICT_PROTOTYPES = YES;
				CLANG_WARN_SUSPICIOUS_MOVE = YES;
				CLANG_WARN_UNGUARDED_AVAILABILITY = YES_AGGRESSIVE;
				CLANG_WARN_UNREACHABLE_CODE = YES;
				CLANG_WARN__DUPLICATE_METHOD_MATCH = YES;
				CODE_SIGN_IDENTITY = "Mac Developer";
				CODE_SIGN_STYLE = Automatic;
				COMBINE_HIDPI_IMAGES = YES;
				COPY_PHASE_STRIP = NO;
				CURRENT_PROJECT_VERSION = 1;
				DEBUG_INFORMATION_FORMAT = "dwarf-with-dsym";
				DEFINES_MODULE = YES;
				DEVELOPMENT_TEAM = BH2S887N4Y;
				DYLIB_COMPATIBILITY_VERSION = 1;
				DYLIB_CURRENT_VERSION = 1;
				DYLIB_INSTALL_NAME_BASE = "@rpath";
				ENABLE_NS_ASSERTIONS = NO;
				ENABLE_STRICT_OBJC_MSGSEND = YES;
				FRAMEWORK_VERSION = A;
				GCC_C_LANGUAGE_STANDARD = gnu11;
				GCC_NO_COMMON_BLOCKS = YES;
				GCC_WARN_64_TO_32_BIT_CONVERSION = YES;
				GCC_WARN_ABOUT_RETURN_TYPE = YES_ERROR;
				GCC_WARN_UNDECLARED_SELECTOR = YES;
				GCC_WARN_UNINITIALIZED_AUTOS = YES_AGGRESSIVE;
				GCC_WARN_UNUSED_FUNCTION = YES;
				GCC_WARN_UNUSED_VARIABLE = YES;
				INFOPLIST_FILE = "Sources/Info-macOS.plist";
				INSTALL_PATH = "$(LOCAL_LIBRARY_DIR)/Frameworks";
				LD_RUNPATH_SEARCH_PATHS = "$(inherited) @executable_path/../Frameworks @loader_path/Frameworks";
				MACOSX_DEPLOYMENT_TARGET = 10.12;
				MTL_ENABLE_DEBUG_INFO = NO;
				PRODUCT_BUNDLE_IDENTIFIER = "com.joeltrew.$(PROJECT_NAME)";
				SDKROOT = macosx;
				SKIP_INSTALL = YES;
				SWIFT_OPTIMIZATION_LEVEL = "-Owholemodule";
				SWIFT_VERSION = 4.0;
				VERSIONING_SYSTEM = "apple-generic";
				VERSION_INFO_PREFIX = "";
			};
			name = Release;
		};
/* End XCBuildConfiguration section */

/* Begin XCConfigurationList section */
		FFB8BD43202F9D7B00A06E24 /* Build configuration list for PBXProject "BitriseAPI" */ = {
			isa = XCConfigurationList;
			buildConfigurations = (
				FFB8BD44202F9D7B00A06E24 /* Debug */,
				FFB8BD45202F9D7B00A06E24 /* Release */,
			);
			defaultConfigurationIsVisible = 0;
			defaultConfigurationName = Release;
		};
		FFB8BD51202F9DAF00A06E24 /* Build configuration list for PBXNativeTarget "BitriseAPI iOS" */ = {
			isa = XCConfigurationList;
			buildConfigurations = (
				FFB8BD52202F9DAF00A06E24 /* Debug */,
				FFB8BD53202F9DAF00A06E24 /* Release */,
			);
			defaultConfigurationIsVisible = 0;
			defaultConfigurationName = Release;
		};
		FFB8BD5E202F9DD400A06E24 /* Build configuration list for PBXNativeTarget "BitriseAPI tvOS" */ = {
			isa = XCConfigurationList;
			buildConfigurations = (
				FFB8BD5F202F9DD400A06E24 /* Debug */,
				FFB8BD60202F9DD400A06E24 /* Release */,
			);
			defaultConfigurationIsVisible = 0;
			defaultConfigurationName = Release;
		};
		FFB8BD6B202F9DED00A06E24 /* Build configuration list for PBXNativeTarget "BitriseAPI macOS" */ = {
			isa = XCConfigurationList;
			buildConfigurations = (
				FFB8BD6C202F9DED00A06E24 /* Debug */,
				FFB8BD6D202F9DED00A06E24 /* Release */,
			);
			defaultConfigurationIsVisible = 0;
			defaultConfigurationName = Release;
		};
/* End XCConfigurationList section */
	};
	rootObject = FFB8BD40202F9D7B00A06E24 /* Project object */;
}
